
Microsoft Visual Studio Solution File, Format Version 12.00
# Visual Studio Version 16
VisualStudioVersion = 16.0.29215.179
MinimumVisualStudioVersion = 10.0.40219.1
Project("{9A19103F-16F7-4668-BE54-9A1E7A4F7556}") = "RemoteController.Service", "RemoteController.Service\RemoteController.Service.csproj", "{37D73095-C548-4169-8E70-8D6F55B05344}"
EndProject
Project("{9A19103F-16F7-4668-BE54-9A1E7A4F7556}") = "RemoteController.WebSocket", "RemoteController.WebSocket\RemoteController.WebSocket.csproj", "{FFF1CBE4-5E55-4B52-9F80-FD397CD4E251}"
EndProject
Project("{9A19103F-16F7-4668-BE54-9A1E7A4F7556}") = "RemoteController.Manipulator", "RemoteController.Manipulator\RemoteController.Manipulator.csproj", "{1F5737B5-647A-453B-BF71-59B08EFBC25F}"
EndProject
Project("{9A19103F-16F7-4668-BE54-9A1E7A4F7556}") = "RemoteController.Informer", "RemoteController.Informer\RemoteController.Informer.csproj", "{05AF89BE-DC8A-4929-9EA0-4252FD7651E5}"
EndProject
Project("{9A19103F-16F7-4668-BE54-9A1E7A4F7556}") = "RemoteController.Client", "RemoteController.Client\RemoteController.Client.csproj", "{75AF5556-5F1F-4D31-81E8-B9178AC292E9}"
EndProject
Project("{9A19103F-16F7-4668-BE54-9A1E7A4F7556}") = "RemoteController", "RemoteController\RemoteController.csproj", "{BDC2001C-20AF-4B26-9350-D4FE0E65A717}"
EndProject
Project("{2150E333-8FDC-42A3-9474-1A3956D46DE8}") = "Angular", "Angular", "{5D0FCEAA-AF1B-4588-8BD4-785D2916D0BB}"
EndProject
Project("{2150E333-8FDC-42A3-9474-1A3956D46DE8}") = "WindowsService", "WindowsService", "{C053F289-E8FD-482F-9190-DA6FB384CFEA}"
EndProject
Global
	GlobalSection(SolutionConfigurationPlatforms) = preSolution
		Debug|Any CPU = Debug|Any CPU
		Release|Any CPU = Release|Any CPU
	EndGlobalSection
	GlobalSection(ProjectConfigurationPlatforms) = postSolution
		{37D73095-C548-4169-8E70-8D6F55B05344}.Debug|Any CPU.ActiveCfg = Debug|Any CPU
		{37D73095-C548-4169-8E70-8D6F55B05344}.Debug|Any CPU.Build.0 = Debug|Any CPU
		{37D73095-C548-4169-8E70-8D6F55B05344}.Release|Any CPU.ActiveCfg = Release|Any CPU
		{37D73095-C548-4169-8E70-8D6F55B05344}.Release|Any CPU.Build.0 = Release|Any CPU
		{FFF1CBE4-5E55-4B52-9F80-FD397CD4E251}.Debug|Any CPU.ActiveCfg = Debug|Any CPU
		{FFF1CBE4-5E55-4B52-9F80-FD397CD4E251}.Debug|Any CPU.Build.0 = Debug|Any CPU
		{FFF1CBE4-5E55-4B52-9F80-FD397CD4E251}.Release|Any CPU.ActiveCfg = Release|Any CPU
		{FFF1CBE4-5E55-4B52-9F80-FD397CD4E251}.Release|Any CPU.Build.0 = Release|Any CPU
		{1F5737B5-647A-453B-BF71-59B08EFBC25F}.Debug|Any CPU.ActiveCfg = Debug|Any CPU
		{1F5737B5-647A-453B-BF71-59B08EFBC25F}.Debug|Any CPU.Build.0 = Debug|Any CPU
		{1F5737B5-647A-453B-BF71-59B08EFBC25F}.Release|Any CPU.ActiveCfg = Release|Any CPU
		{1F5737B5-647A-453B-BF71-59B08EFBC25F}.Release|Any CPU.Build.0 = Release|Any CPU
		{05AF89BE-DC8A-4929-9EA0-4252FD7651E5}.Debug|Any CPU.ActiveCfg = Debug|Any CPU
		{05AF89BE-DC8A-4929-9EA0-4252FD7651E5}.Debug|Any CPU.Build.0 = Debug|Any CPU
		{05AF89BE-DC8A-4929-9EA0-4252FD7651E5}.Release|Any CPU.ActiveCfg = Release|Any CPU
		{05AF89BE-DC8A-4929-9EA0-4252FD7651E5}.Release|Any CPU.Build.0 = Release|Any CPU
		{75AF5556-5F1F-4D31-81E8-B9178AC292E9}.Debug|Any CPU.ActiveCfg = Debug|Any CPU
		{75AF5556-5F1F-4D31-81E8-B9178AC292E9}.Debug|Any CPU.Build.0 = Debug|Any CPU
		{75AF5556-5F1F-4D31-81E8-B9178AC292E9}.Release|Any CPU.ActiveCfg = Release|Any CPU
		{75AF5556-5F1F-4D31-81E8-B9178AC292E9}.Release|Any CPU.Build.0 = Release|Any CPU
		{BDC2001C-20AF-4B26-9350-D4FE0E65A717}.Debug|Any CPU.ActiveCfg = Debug|Any CPU
		{BDC2001C-20AF-4B26-9350-D4FE0E65A717}.Debug|Any CPU.Build.0 = Debug|Any CPU
		{BDC2001C-20AF-4B26-9350-D4FE0E65A717}.Release|Any CPU.ActiveCfg = Release|Any CPU
		{BDC2001C-20AF-4B26-9350-D4FE0E65A717}.Release|Any CPU.Build.0 = Release|Any CPU
	EndGlobalSection
	GlobalSection(SolutionProperties) = preSolution
		HideSolutionNode = FALSE
	EndGlobalSection
	GlobalSection(NestedProjects) = preSolution
		{37D73095-C548-4169-8E70-8D6F55B05344} = {C053F289-E8FD-482F-9190-DA6FB384CFEA}
		{75AF5556-5F1F-4D31-81E8-B9178AC292E9} = {5D0FCEAA-AF1B-4588-8BD4-785D2916D0BB}
	EndGlobalSection
	GlobalSection(ExtensibilityGlobals) = postSolution
		SolutionGuid = {83FA6212-DC07-44E2-A96F-1B917481B3F7}
	EndGlobalSection
EndGlobal
