{
  "requires": true,
  "lockfileVersion": 1,
  "dependencies": {
    "@types/dom-screen-wake-lock": {
      "version": "1.0.0",
      "resolved": "https://registry.npmjs.org/@types/dom-screen-wake-lock/-/dom-screen-wake-lock-1.0.0.tgz",
      "integrity": "sha512-3o5jkfJsuhFcKj2EZ3PiEoiQQbB3J/nffsXJBKtyubkBHsX2siS6b4uij3ukr5xgDHsF4BaT9fHo8DneAw/YxA=="
    }
  }
}
